
Microsoft Visual Studio Solution File, Format Version 12.00
# Visual Studio Version 16
VisualStudioVersion = 16.0.31729.503
MinimumVisualStudioVersion = 10.0.40219.1
Project("{FAE04EC0-301F-11D3-BF4B-00C04F79EFBC}") = "Laskuharjoitus1", "Laskuharjoitus1\Laskuharjoitus1.csproj", "{A134C1A4-1E41-46DC-9623-68E0DB361DFC}"
EndProject
Global
	GlobalSection(SolutionConfigurationPlatforms) = preSolution
		Debug|Any CPU = Debug|Any CPU
		Release|Any CPU = Release|Any CPU
	EndGlobalSection
	GlobalSection(ProjectConfigurationPlatforms) = postSolution
		{A134C1A4-1E41-46DC-9623-68E0DB361DFC}.Debug|Any CPU.ActiveCfg = Debug|Any CPU
		{A134C1A4-1E41-46DC-9623-68E0DB361DFC}.Debug|Any CPU.Build.0 = Debug|Any CPU
		{A134C1A4-1E41-46DC-9623-68E0DB361DFC}.Release|Any CPU.ActiveCfg = Release|Any CPU
		{A134C1A4-1E41-46DC-9623-68E0DB361DFC}.Release|Any CPU.Build.0 = Release|Any CPU
	EndGlobalSection
	GlobalSection(SolutionProperties) = preSolution
		HideSolutionNode = FALSE
	EndGlobalSection
	GlobalSection(ExtensibilityGlobals) = postSolution
		SolutionGuid = {A1618EB9-CABD-444B-B7A8-38090058438C}
	EndGlobalSection
EndGlobal
