
Microsoft Visual Studio Solution File, Format Version 12.00
# Visual Studio Version 16
VisualStudioVersion = 16.0.31729.503
MinimumVisualStudioVersion = 10.0.40219.1
Project("{FAE04EC0-301F-11D3-BF4B-00C04F79EFBC}") = "kumpiSuurempi", "kumpiSuurempi\kumpiSuurempi.csproj", "{96DAF1AB-8006-4AEA-8796-CDC690863D2E}"
EndProject
Global
	GlobalSection(SolutionConfigurationPlatforms) = preSolution
		Debug|Any CPU = Debug|Any CPU
		Release|Any CPU = Release|Any CPU
	EndGlobalSection
	GlobalSection(ProjectConfigurationPlatforms) = postSolution
		{96DAF1AB-8006-4AEA-8796-CDC690863D2E}.Debug|Any CPU.ActiveCfg = Debug|Any CPU
		{96DAF1AB-8006-4AEA-8796-CDC690863D2E}.Debug|Any CPU.Build.0 = Debug|Any CPU
		{96DAF1AB-8006-4AEA-8796-CDC690863D2E}.Release|Any CPU.ActiveCfg = Release|Any CPU
		{96DAF1AB-8006-4AEA-8796-CDC690863D2E}.Release|Any CPU.Build.0 = Release|Any CPU
	EndGlobalSection
	GlobalSection(SolutionProperties) = preSolution
		HideSolutionNode = FALSE
	EndGlobalSection
	GlobalSection(ExtensibilityGlobals) = postSolution
		SolutionGuid = {DF4DEFCB-FD8F-4731-9E62-D84896176668}
	EndGlobalSection
EndGlobal
